
Microsoft Visual Studio Solution File, Format Version 12.00
# Visual Studio 15
VisualStudioVersion = 15.0.28307.489
MinimumVisualStudioVersion = 10.0.40219.1
Project("{FAE04EC0-301F-11D3-BF4B-00C04F79EFBC}") = "CSharpJamApp", "CSharpJamApp\CSharpJamApp.csproj", "{06553274-485D-4873-B576-150DA33C552B}"
EndProject
Global
	GlobalSection(SolutionConfigurationPlatforms) = preSolution
		Debug|Any CPU = Debug|Any CPU
		Release|Any CPU = Release|Any CPU
	EndGlobalSection
	GlobalSection(ProjectConfigurationPlatforms) = postSolution
		{06553274-485D-4873-B576-150DA33C552B}.Debug|Any CPU.ActiveCfg = Debug|Any CPU
		{06553274-485D-4873-B576-150DA33C552B}.Debug|Any CPU.Build.0 = Debug|Any CPU
		{06553274-485D-4873-B576-150DA33C552B}.Release|Any CPU.ActiveCfg = Release|Any CPU
		{06553274-485D-4873-B576-150DA33C552B}.Release|Any CPU.Build.0 = Release|Any CPU
	EndGlobalSection
	GlobalSection(SolutionProperties) = preSolution
		HideSolutionNode = FALSE
	EndGlobalSection
	GlobalSection(ExtensibilityGlobals) = postSolution
		SolutionGuid = {139C75AC-83B5-44C7-AAFA-FB6F81F3E0B6}
	EndGlobalSection
EndGlobal
